// !$*UTF8*$!
{
	archiveVersion = 1;
	classes = {
	};
	objectVersion = 54;
	objects = {

/* Begin PBXBuildFile section */
		C30E873427573C8E005C58D9 /* 2021_day1.txt in Resources */ = {isa = PBXBuildFile; fileRef = C30E872F27573B38005C58D9 /* 2021_day1.txt */; };
		C311FBE325808E4700AE247F /* Day9.swift in Sources */ = {isa = PBXBuildFile; fileRef = C311FBE225808E4700AE247F /* Day9.swift */; };
		C311FBE725808E5200AE247F /* day9.txt in Resources */ = {isa = PBXBuildFile; fileRef = C311FBE625808E5200AE247F /* day9.txt */; };
		C311FBEB25808E6100AE247F /* Day9Tests.swift in Sources */ = {isa = PBXBuildFile; fileRef = C311FBEA25808E6100AE247F /* Day9Tests.swift */; };
		C3269B9F258AE27100C4F805 /* Day16.swift in Sources */ = {isa = PBXBuildFile; fileRef = C3269B9E258AE27100C4F805 /* Day16.swift */; };
		C3269BA3258AE29B00C4F805 /* day16.txt in Resources */ = {isa = PBXBuildFile; fileRef = C3269BA2258AE29B00C4F805 /* day16.txt */; };
		C3269BA7258AE3A200C4F805 /* Day16Tests.swift in Sources */ = {isa = PBXBuildFile; fileRef = C3269BA6258AE3A200C4F805 /* Day16Tests.swift */; };
		C3269BAB258AE64F00C4F805 /* String.swift in Sources */ = {isa = PBXBuildFile; fileRef = C3269BAA258AE64F00C4F805 /* String.swift */; };
		C342D0B12584829D00F56D39 /* Day12.swift in Sources */ = {isa = PBXBuildFile; fileRef = C342D0B02584829D00F56D39 /* Day12.swift */; };
		C342D0B5258482A800F56D39 /* day12.txt in Resources */ = {isa = PBXBuildFile; fileRef = C342D0B4258482A800F56D39 /* day12.txt */; };
		C342D0B9258482BF00F56D39 /* Day12Tests.swift in Sources */ = {isa = PBXBuildFile; fileRef = C342D0B8258482BF00F56D39 /* Day12Tests.swift */; };
		C342D0BD258533C100F56D39 /* Point.swift in Sources */ = {isa = PBXBuildFile; fileRef = C342D0BC258533C100F56D39 /* Point.swift */; };
		C342D0CA258570F400F56D39 /* day1.txt in Resources */ = {isa = PBXBuildFile; fileRef = C36648E52578733A008F719C /* day1.txt */; };
		C342D0D12585710400F56D39 /* day2.txt in Resources */ = {isa = PBXBuildFile; fileRef = C36648FE25787A66008F719C /* day2.txt */; };
		C342D0D72585D50C00F56D39 /* Day13.swift in Sources */ = {isa = PBXBuildFile; fileRef = C342D0D62585D50C00F56D39 /* Day13.swift */; };
		C342D0DB2585D51A00F56D39 /* day13.txt in Resources */ = {isa = PBXBuildFile; fileRef = C342D0DA2585D51A00F56D39 /* day13.txt */; };
		C342D0DF2585D54200F56D39 /* Day13Tests.swift in Sources */ = {isa = PBXBuildFile; fileRef = C342D0DE2585D54200F56D39 /* Day13Tests.swift */; };
		C34CE79F2759DAED005D4272 /* day3_21.swift in Sources */ = {isa = PBXBuildFile; fileRef = C34CE79E2759DAED005D4272 /* day3_21.swift */; };
		C34CE7A12759DAF7005D4272 /* day3_21.txt in Resources */ = {isa = PBXBuildFile; fileRef = C34CE7A02759DAF7005D4272 /* day3_21.txt */; };
		C34CE7A32759DB09005D4272 /* Y21Day3Tests.swift in Sources */ = {isa = PBXBuildFile; fileRef = C34CE7A22759DB09005D4272 /* Y21Day3Tests.swift */; };
		C3546B6625899130007EA26E /* Day15.swift in Sources */ = {isa = PBXBuildFile; fileRef = C3546B6525899130007EA26E /* Day15.swift */; };
		C3546B6A25899182007EA26E /* Day15Tests.swift in Sources */ = {isa = PBXBuildFile; fileRef = C3546B6925899182007EA26E /* Day15Tests.swift */; };
		C36648AD25787142008F719C /* AdventOfCodeApp.swift in Sources */ = {isa = PBXBuildFile; fileRef = C36648AC25787142008F719C /* AdventOfCodeApp.swift */; };
		C36648AF25787142008F719C /* ContentView.swift in Sources */ = {isa = PBXBuildFile; fileRef = C36648AE25787142008F719C /* ContentView.swift */; };
		C36648B125787145008F719C /* Assets.xcassets in Resources */ = {isa = PBXBuildFile; fileRef = C36648B025787145008F719C /* Assets.xcassets */; };
		C36648B425787145008F719C /* Preview Assets.xcassets in Resources */ = {isa = PBXBuildFile; fileRef = C36648B325787145008F719C /* Preview Assets.xcassets */; };
		C36648E12578726F008F719C /* FileReader.swift in Sources */ = {isa = PBXBuildFile; fileRef = C36648E02578726F008F719C /* FileReader.swift */; };
		C36648EB25787359008F719C /* Day1.swift in Sources */ = {isa = PBXBuildFile; fileRef = C36648EA25787359008F719C /* Day1.swift */; };
		C36648F7257878CB008F719C /* Day2.swift in Sources */ = {isa = PBXBuildFile; fileRef = C36648F6257878CB008F719C /* Day2.swift */; };
		C366490925792C3B008F719C /* Day3.swift in Sources */ = {isa = PBXBuildFile; fileRef = C366490825792C3B008F719C /* Day3.swift */; };
		C366490D25792C4F008F719C /* DayProtocol.swift in Sources */ = {isa = PBXBuildFile; fileRef = C366490C25792C4F008F719C /* DayProtocol.swift */; };
		C36649152579325D008F719C /* day3.txt in Resources */ = {isa = PBXBuildFile; fileRef = C36649142579325D008F719C /* day3.txt */; };
		C366491B257A78F8008F719C /* day4.txt in Resources */ = {isa = PBXBuildFile; fileRef = C366491A257A78F8008F719C /* day4.txt */; };
		C366491F257A7912008F719C /* Day4.swift in Sources */ = {isa = PBXBuildFile; fileRef = C366491E257A7912008F719C /* Day4.swift */; };
		C366492F257A900A008F719C /* Array.swift in Sources */ = {isa = PBXBuildFile; fileRef = C366492E257A900A008F719C /* Array.swift */; };
		C36BF155258D52270093BC94 /* Day18.swift in Sources */ = {isa = PBXBuildFile; fileRef = C36BF154258D52270093BC94 /* Day18.swift */; };
		C36BF159258D525A0093BC94 /* Day18Tests.swift in Sources */ = {isa = PBXBuildFile; fileRef = C36BF158258D525A0093BC94 /* Day18Tests.swift */; };
		C36BF15D258D68EE0093BC94 /* day18.txt in Resources */ = {isa = PBXBuildFile; fileRef = C36BF15C258D68EE0093BC94 /* day18.txt */; };
		C36BF161258DBFCB0093BC94 /* Day19.swift in Sources */ = {isa = PBXBuildFile; fileRef = C36BF160258DBFCB0093BC94 /* Day19.swift */; };
		C36BF165258DC0040093BC94 /* Day19Tests.swift in Sources */ = {isa = PBXBuildFile; fileRef = C36BF164258DC0040093BC94 /* Day19Tests.swift */; };
		C36BF169258DC0260093BC94 /* day19.txt in Resources */ = {isa = PBXBuildFile; fileRef = C36BF168258DC0260093BC94 /* day19.txt */; };
		C37027312581E0C300508778 /* Day10.swift in Sources */ = {isa = PBXBuildFile; fileRef = C37027302581E0C300508778 /* Day10.swift */; };
		C37027352581E0E900508778 /* Day10Tests.swift in Sources */ = {isa = PBXBuildFile; fileRef = C37027342581E0E900508778 /* Day10Tests.swift */; };
		C37027392581E13E00508778 /* day10.txt in Resources */ = {isa = PBXBuildFile; fileRef = C37027382581E13E00508778 /* day10.txt */; };
		C37786ED257DED1000F1487C /* Day7.swift in Sources */ = {isa = PBXBuildFile; fileRef = C37786EC257DED1000F1487C /* Day7.swift */; };
		C37786F1257DED1E00F1487C /* day7.txt in Resources */ = {isa = PBXBuildFile; fileRef = C37786F0257DED1E00F1487C /* day7.txt */; };
		C37786F5257DED3000F1487C /* Day7Tests.swift in Sources */ = {isa = PBXBuildFile; fileRef = C37786F4257DED3000F1487C /* Day7Tests.swift */; };
		C37C4EEF258C376500E49F6D /* Day17.swift in Sources */ = {isa = PBXBuildFile; fileRef = C37C4EEE258C376500E49F6D /* Day17.swift */; };
		C37C4EF7258C386700E49F6D /* Day17Tests.swift in Sources */ = {isa = PBXBuildFile; fileRef = C37C4EF6258C386700E49F6D /* Day17Tests.swift */; };
		C385A49F2582FFD8009CC5F8 /* Cache.swift in Sources */ = {isa = PBXBuildFile; fileRef = C385A49E2582FFD8009CC5F8 /* Cache.swift */; };
		C389014025840D4600ED952C /* Day11.swift in Sources */ = {isa = PBXBuildFile; fileRef = C389013F25840D4600ED952C /* Day11.swift */; };
		C389014425840D5500ED952C /* day11.txt in Resources */ = {isa = PBXBuildFile; fileRef = C389014325840D5500ED952C /* day11.txt */; };
		C389014825840D6100ED952C /* Day11Tests.swift in Sources */ = {isa = PBXBuildFile; fileRef = C389014725840D6100ED952C /* Day11Tests.swift */; };
		C389BE8F258840D200C5975E /* Day14.swift in Sources */ = {isa = PBXBuildFile; fileRef = C389BE8E258840D200C5975E /* Day14.swift */; };
		C389BE932588410400C5975E /* day14.txt in Resources */ = {isa = PBXBuildFile; fileRef = C389BE922588410400C5975E /* day14.txt */; };
		C389BE972588411300C5975E /* Day14Tests.swift in Sources */ = {isa = PBXBuildFile; fileRef = C389BE962588411300C5975E /* Day14Tests.swift */; };
		C39EE04A257F405F00A0BD73 /* Day8.swift in Sources */ = {isa = PBXBuildFile; fileRef = C39EE049257F405F00A0BD73 /* Day8.swift */; };
		C39EE04E257F406C00A0BD73 /* day8.txt in Resources */ = {isa = PBXBuildFile; fileRef = C39EE04D257F406C00A0BD73 /* day8.txt */; };
		C39EE052257F407E00A0BD73 /* Day8Tests.swift in Sources */ = {isa = PBXBuildFile; fileRef = C39EE051257F407E00A0BD73 /* Day8Tests.swift */; };
		C3B0BCDF275860F300CDA0C8 /* day1_21.txt in Resources */ = {isa = PBXBuildFile; fileRef = C3B0BCDE275860F300CDA0C8 /* day1_21.txt */; };
		C3B0BCE7275865DC00CDA0C8 /* day2_21.swift in Sources */ = {isa = PBXBuildFile; fileRef = C3B0BCE6275865DC00CDA0C8 /* day2_21.swift */; };
		C3B0BCE92758660900CDA0C8 /* day2_21.txt in Resources */ = {isa = PBXBuildFile; fileRef = C3B0BCE82758660900CDA0C8 /* day2_21.txt */; };
		C3B0BCEB2758663500CDA0C8 /* Y21Day2Tests.swift in Sources */ = {isa = PBXBuildFile; fileRef = C3B0BCEA2758663500CDA0C8 /* Y21Day2Tests.swift */; };
		C3BA15BD275B2A6A0034903F /* day4_21.swift in Sources */ = {isa = PBXBuildFile; fileRef = C3BA15BC275B2A6A0034903F /* day4_21.swift */; };
		C3BA15BF275B2A780034903F /* day4_21.txt in Resources */ = {isa = PBXBuildFile; fileRef = C3BA15BE275B2A780034903F /* day4_21.txt */; };
		C3BA15C1275B2ACD0034903F /* Y21Day4Tests.swift in Sources */ = {isa = PBXBuildFile; fileRef = C3BA15C0275B2ACD0034903F /* Y21Day4Tests.swift */; };
		C3BA15C3275C70670034903F /* day5_21.swift in Sources */ = {isa = PBXBuildFile; fileRef = C3BA15C2275C70670034903F /* day5_21.swift */; };
		C3BA15C5275C70740034903F /* day5_21.txt in Resources */ = {isa = PBXBuildFile; fileRef = C3BA15C4275C70740034903F /* day5_21.txt */; };
		C3BA15C7275C70A40034903F /* Y21Day5Tests.swift in Sources */ = {isa = PBXBuildFile; fileRef = C3BA15C6275C70A40034903F /* Y21Day5Tests.swift */; };
		C3BBE881257B4B11006182AB /* Day5.swift in Sources */ = {isa = PBXBuildFile; fileRef = C3BBE880257B4B11006182AB /* Day5.swift */; };
		C3BBE885257B4B20006182AB /* day5.txt in Resources */ = {isa = PBXBuildFile; fileRef = C3BBE884257B4B20006182AB /* day5.txt */; };
		C3BBE88D257C9A07006182AB /* Day2Tests.swift in Sources */ = {isa = PBXBuildFile; fileRef = C3BBE88C257C9A07006182AB /* Day2Tests.swift */; };
		C3BBE891257C9A10006182AB /* Day3Tests.swift in Sources */ = {isa = PBXBuildFile; fileRef = C3BBE890257C9A10006182AB /* Day3Tests.swift */; };
		C3BBE895257C9A19006182AB /* Day4Tests.swift in Sources */ = {isa = PBXBuildFile; fileRef = C3BBE894257C9A19006182AB /* Day4Tests.swift */; };
		C3BBE899257C9A20006182AB /* Day5Tests.swift in Sources */ = {isa = PBXBuildFile; fileRef = C3BBE898257C9A20006182AB /* Day5Tests.swift */; };
		C3BBE89D257C9B00006182AB /* Day6.swift in Sources */ = {isa = PBXBuildFile; fileRef = C3BBE89C257C9AFF006182AB /* Day6.swift */; };
		C3BBE8A1257C9B12006182AB /* Day6Tests.swift in Sources */ = {isa = PBXBuildFile; fileRef = C3BBE8A0257C9B12006182AB /* Day6Tests.swift */; };
		C3BBE8A7257C9CF4006182AB /* day6.txt in Resources */ = {isa = PBXBuildFile; fileRef = C3BBE8A6257C9CF4006182AB /* day6.txt */; };
		C3EB858E27585EA600C838F7 /* day1_21.swift in Sources */ = {isa = PBXBuildFile; fileRef = C3EB858D27585EA600C838F7 /* day1_21.swift */; };
		C3EB859027585FE700C838F7 /* Y21Day1Tests.swift in Sources */ = {isa = PBXBuildFile; fileRef = C3EB858F27585FE700C838F7 /* Y21Day1Tests.swift */; };
		C3F7C81B2591598E00E693B4 /* Day21.swift in Sources */ = {isa = PBXBuildFile; fileRef = C3F7C81A2591598E00E693B4 /* Day21.swift */; };
		C3F7C81F259159B500E693B4 /* day21.txt in Resources */ = {isa = PBXBuildFile; fileRef = C3F7C81E259159B500E693B4 /* day21.txt */; };
		C3F7C823259159C100E693B4 /* Day21Tests.swift in Sources */ = {isa = PBXBuildFile; fileRef = C3F7C822259159C100E693B4 /* Day21Tests.swift */; };
		C3F7C8272591837000E693B4 /* Day20.swift in Sources */ = {isa = PBXBuildFile; fileRef = C3F7C8262591837000E693B4 /* Day20.swift */; };
		C3F7C82D2591842000E693B4 /* day20.txt in Resources */ = {isa = PBXBuildFile; fileRef = C3F7C82C2591842000E693B4 /* day20.txt */; };
		C3F7C8332591844C00E693B4 /* Day20Tests.swift in Sources */ = {isa = PBXBuildFile; fileRef = C3F7C8322591844C00E693B4 /* Day20Tests.swift */; };
		C3F7C8372592CA0500E693B4 /* Day22.swift in Sources */ = {isa = PBXBuildFile; fileRef = C3F7C8362592CA0400E693B4 /* Day22.swift */; };
		C3F7C83B2592CA3F00E693B4 /* Day22Tests.swift in Sources */ = {isa = PBXBuildFile; fileRef = C3F7C83A2592CA3F00E693B4 /* Day22Tests.swift */; };
		C3F7C8412592CA8200E693B4 /* day22.txt in Resources */ = {isa = PBXBuildFile; fileRef = C3F7C8402592CA8200E693B4 /* day22.txt */; };
		C3F90A4B2593DD3B00A23FE6 /* Day23.swift in Sources */ = {isa = PBXBuildFile; fileRef = C3F90A4A2593DD3B00A23FE6 /* Day23.swift */; };
		C3F90A4F2593DD6800A23FE6 /* Day23Tests.swift in Sources */ = {isa = PBXBuildFile; fileRef = C3F90A4E2593DD6800A23FE6 /* Day23Tests.swift */; };
		C3F90A53259598AE00A23FE6 /* Day24.swift in Sources */ = {isa = PBXBuildFile; fileRef = C3F90A52259598AE00A23FE6 /* Day24.swift */; };
		C3F90A57259598D300A23FE6 /* Day24Tests.swift in Sources */ = {isa = PBXBuildFile; fileRef = C3F90A56259598D300A23FE6 /* Day24Tests.swift */; };
		C3F90A5B259598EE00A23FE6 /* day24.txt in Resources */ = {isa = PBXBuildFile; fileRef = C3F90A5A259598EE00A23FE6 /* day24.txt */; };
		C3F90A5F2599024400A23FE6 /* Day25.swift in Sources */ = {isa = PBXBuildFile; fileRef = C3F90A5E2599024400A23FE6 /* Day25.swift */; };
		C3F90A632599025300A23FE6 /* Day25Tests.swift in Sources */ = {isa = PBXBuildFile; fileRef = C3F90A622599025300A23FE6 /* Day25Tests.swift */; };
/* End PBXBuildFile section */

/* Begin PBXContainerItemProxy section */
		C36648BB25787145008F719C /* PBXContainerItemProxy */ = {
			isa = PBXContainerItemProxy;
			containerPortal = C36648A125787142008F719C /* Project object */;
			proxyType = 1;
			remoteGlobalIDString = C36648A825787142008F719C;
			remoteInfo = AdventOfCode2020;
		};
/* End PBXContainerItemProxy section */

/* Begin PBXFileReference section */
		C30E872F27573B38005C58D9 /* 2021_day1.txt */ = {isa = PBXFileReference; lastKnownFileType = text; path = 2021_day1.txt; sourceTree = "<group>"; };
		C311FBE225808E4700AE247F /* Day9.swift */ = {isa = PBXFileReference; lastKnownFileType = sourcecode.swift; path = Day9.swift; sourceTree = "<group>"; };
		C311FBE625808E5200AE247F /* day9.txt */ = {isa = PBXFileReference; lastKnownFileType = text; path = day9.txt; sourceTree = "<group>"; };
		C311FBEA25808E6100AE247F /* Day9Tests.swift */ = {isa = PBXFileReference; lastKnownFileType = sourcecode.swift; path = Day9Tests.swift; sourceTree = "<group>"; };
		C3269B9E258AE27100C4F805 /* Day16.swift */ = {isa = PBXFileReference; lastKnownFileType = sourcecode.swift; path = Day16.swift; sourceTree = "<group>"; };
		C3269BA2258AE29B00C4F805 /* day16.txt */ = {isa = PBXFileReference; lastKnownFileType = text; path = day16.txt; sourceTree = "<group>"; };
		C3269BA6258AE3A200C4F805 /* Day16Tests.swift */ = {isa = PBXFileReference; lastKnownFileType = sourcecode.swift; path = Day16Tests.swift; sourceTree = "<group>"; };
		C3269BAA258AE64F00C4F805 /* String.swift */ = {isa = PBXFileReference; lastKnownFileType = sourcecode.swift; path = String.swift; sourceTree = "<group>"; };
		C342D0B02584829D00F56D39 /* Day12.swift */ = {isa = PBXFileReference; lastKnownFileType = sourcecode.swift; path = Day12.swift; sourceTree = "<group>"; };
		C342D0B4258482A800F56D39 /* day12.txt */ = {isa = PBXFileReference; lastKnownFileType = text; path = day12.txt; sourceTree = "<group>"; };
		C342D0B8258482BF00F56D39 /* Day12Tests.swift */ = {isa = PBXFileReference; lastKnownFileType = sourcecode.swift; path = Day12Tests.swift; sourceTree = "<group>"; };
		C342D0BC258533C100F56D39 /* Point.swift */ = {isa = PBXFileReference; lastKnownFileType = sourcecode.swift; path = Point.swift; sourceTree = "<group>"; };
		C342D0D62585D50C00F56D39 /* Day13.swift */ = {isa = PBXFileReference; lastKnownFileType = sourcecode.swift; path = Day13.swift; sourceTree = "<group>"; };
		C342D0DA2585D51A00F56D39 /* day13.txt */ = {isa = PBXFileReference; lastKnownFileType = text; path = day13.txt; sourceTree = "<group>"; };
		C342D0DE2585D54200F56D39 /* Day13Tests.swift */ = {isa = PBXFileReference; lastKnownFileType = sourcecode.swift; path = Day13Tests.swift; sourceTree = "<group>"; };
		C34CE79E2759DAED005D4272 /* day3_21.swift */ = {isa = PBXFileReference; lastKnownFileType = sourcecode.swift; path = day3_21.swift; sourceTree = "<group>"; };
		C34CE7A02759DAF7005D4272 /* day3_21.txt */ = {isa = PBXFileReference; lastKnownFileType = text; path = day3_21.txt; sourceTree = "<group>"; };
		C34CE7A22759DB09005D4272 /* Y21Day3Tests.swift */ = {isa = PBXFileReference; lastKnownFileType = sourcecode.swift; path = Y21Day3Tests.swift; sourceTree = "<group>"; };
		C3546B6525899130007EA26E /* Day15.swift */ = {isa = PBXFileReference; lastKnownFileType = sourcecode.swift; path = Day15.swift; sourceTree = "<group>"; };
		C3546B6925899182007EA26E /* Day15Tests.swift */ = {isa = PBXFileReference; lastKnownFileType = sourcecode.swift; path = Day15Tests.swift; sourceTree = "<group>"; };
		C36648A925787142008F719C /* AdventOfCode.app */ = {isa = PBXFileReference; explicitFileType = wrapper.application; includeInIndex = 0; path = AdventOfCode.app; sourceTree = BUILT_PRODUCTS_DIR; };
		C36648AC25787142008F719C /* AdventOfCodeApp.swift */ = {isa = PBXFileReference; lastKnownFileType = sourcecode.swift; path = AdventOfCodeApp.swift; sourceTree = "<group>"; };
		C36648AE25787142008F719C /* ContentView.swift */ = {isa = PBXFileReference; lastKnownFileType = sourcecode.swift; path = ContentView.swift; sourceTree = "<group>"; };
		C36648B025787145008F719C /* Assets.xcassets */ = {isa = PBXFileReference; lastKnownFileType = folder.assetcatalog; path = Assets.xcassets; sourceTree = "<group>"; };
		C36648B325787145008F719C /* Preview Assets.xcassets */ = {isa = PBXFileReference; lastKnownFileType = folder.assetcatalog; path = "Preview Assets.xcassets"; sourceTree = "<group>"; };
		C36648B525787145008F719C /* Info.plist */ = {isa = PBXFileReference; lastKnownFileType = text.plist.xml; path = Info.plist; sourceTree = "<group>"; };
		C36648BA25787145008F719C /* AdventOfCodeTests.xctest */ = {isa = PBXFileReference; explicitFileType = wrapper.cfbundle; includeInIndex = 0; path = AdventOfCodeTests.xctest; sourceTree = BUILT_PRODUCTS_DIR; };
		C36648C025787145008F719C /* Info.plist */ = {isa = PBXFileReference; lastKnownFileType = text.plist.xml; path = Info.plist; sourceTree = "<group>"; };
		C36648E02578726F008F719C /* FileReader.swift */ = {isa = PBXFileReference; lastKnownFileType = sourcecode.swift; path = FileReader.swift; sourceTree = "<group>"; };
		C36648E52578733A008F719C /* day1.txt */ = {isa = PBXFileReference; lastKnownFileType = text; path = day1.txt; sourceTree = "<group>"; };
		C36648EA25787359008F719C /* Day1.swift */ = {isa = PBXFileReference; lastKnownFileType = sourcecode.swift; path = Day1.swift; sourceTree = "<group>"; };
		C36648F6257878CB008F719C /* Day2.swift */ = {isa = PBXFileReference; lastKnownFileType = sourcecode.swift; path = Day2.swift; sourceTree = "<group>"; };
		C36648FE25787A66008F719C /* day2.txt */ = {isa = PBXFileReference; lastKnownFileType = text; path = day2.txt; sourceTree = "<group>"; };
		C366490225788848008F719C /* README.md */ = {isa = PBXFileReference; lastKnownFileType = net.daringfireball.markdown; path = README.md; sourceTree = SOURCE_ROOT; };
		C366490825792C3B008F719C /* Day3.swift */ = {isa = PBXFileReference; lastKnownFileType = sourcecode.swift; path = Day3.swift; sourceTree = "<group>"; };
		C366490C25792C4F008F719C /* DayProtocol.swift */ = {isa = PBXFileReference; lastKnownFileType = sourcecode.swift; path = DayProtocol.swift; sourceTree = "<group>"; };
		C36649142579325D008F719C /* day3.txt */ = {isa = PBXFileReference; lastKnownFileType = text; path = day3.txt; sourceTree = "<group>"; };
		C366491A257A78F8008F719C /* day4.txt */ = {isa = PBXFileReference; lastKnownFileType = text; path = day4.txt; sourceTree = "<group>"; };
		C366491E257A7912008F719C /* Day4.swift */ = {isa = PBXFileReference; lastKnownFileType = sourcecode.swift; path = Day4.swift; sourceTree = "<group>"; };
		C366492E257A900A008F719C /* Array.swift */ = {isa = PBXFileReference; lastKnownFileType = sourcecode.swift; path = Array.swift; sourceTree = "<group>"; };
		C36BF154258D52270093BC94 /* Day18.swift */ = {isa = PBXFileReference; lastKnownFileType = sourcecode.swift; path = Day18.swift; sourceTree = "<group>"; };
		C36BF158258D525A0093BC94 /* Day18Tests.swift */ = {isa = PBXFileReference; lastKnownFileType = sourcecode.swift; path = Day18Tests.swift; sourceTree = "<group>"; };
		C36BF15C258D68EE0093BC94 /* day18.txt */ = {isa = PBXFileReference; lastKnownFileType = text; path = day18.txt; sourceTree = "<group>"; };
		C36BF160258DBFCB0093BC94 /* Day19.swift */ = {isa = PBXFileReference; lastKnownFileType = sourcecode.swift; path = Day19.swift; sourceTree = "<group>"; };
		C36BF164258DC0040093BC94 /* Day19Tests.swift */ = {isa = PBXFileReference; lastKnownFileType = sourcecode.swift; path = Day19Tests.swift; sourceTree = "<group>"; };
		C36BF168258DC0260093BC94 /* day19.txt */ = {isa = PBXFileReference; lastKnownFileType = text; path = day19.txt; sourceTree = "<group>"; };
		C37027302581E0C300508778 /* Day10.swift */ = {isa = PBXFileReference; lastKnownFileType = sourcecode.swift; path = Day10.swift; sourceTree = "<group>"; };
		C37027342581E0E900508778 /* Day10Tests.swift */ = {isa = PBXFileReference; lastKnownFileType = sourcecode.swift; path = Day10Tests.swift; sourceTree = "<group>"; };
		C37027382581E13E00508778 /* day10.txt */ = {isa = PBXFileReference; lastKnownFileType = text; path = day10.txt; sourceTree = "<group>"; };
		C37786EC257DED1000F1487C /* Day7.swift */ = {isa = PBXFileReference; lastKnownFileType = sourcecode.swift; path = Day7.swift; sourceTree = "<group>"; };
		C37786F0257DED1E00F1487C /* day7.txt */ = {isa = PBXFileReference; lastKnownFileType = text; path = day7.txt; sourceTree = "<group>"; };
		C37786F4257DED3000F1487C /* Day7Tests.swift */ = {isa = PBXFileReference; lastKnownFileType = sourcecode.swift; path = Day7Tests.swift; sourceTree = "<group>"; };
		C37C4EEE258C376500E49F6D /* Day17.swift */ = {isa = PBXFileReference; lastKnownFileType = sourcecode.swift; path = Day17.swift; sourceTree = "<group>"; };
		C37C4EF6258C386700E49F6D /* Day17Tests.swift */ = {isa = PBXFileReference; lastKnownFileType = sourcecode.swift; path = Day17Tests.swift; sourceTree = "<group>"; };
		C385A49E2582FFD8009CC5F8 /* Cache.swift */ = {isa = PBXFileReference; lastKnownFileType = sourcecode.swift; path = Cache.swift; sourceTree = "<group>"; };
		C389013F25840D4600ED952C /* Day11.swift */ = {isa = PBXFileReference; lastKnownFileType = sourcecode.swift; path = Day11.swift; sourceTree = "<group>"; };
		C389014325840D5500ED952C /* day11.txt */ = {isa = PBXFileReference; lastKnownFileType = text; path = day11.txt; sourceTree = "<group>"; };
		C389014725840D6100ED952C /* Day11Tests.swift */ = {isa = PBXFileReference; lastKnownFileType = sourcecode.swift; path = Day11Tests.swift; sourceTree = "<group>"; };
		C389BE8E258840D200C5975E /* Day14.swift */ = {isa = PBXFileReference; lastKnownFileType = sourcecode.swift; path = Day14.swift; sourceTree = "<group>"; };
		C389BE922588410400C5975E /* day14.txt */ = {isa = PBXFileReference; lastKnownFileType = text; path = day14.txt; sourceTree = "<group>"; };
		C389BE962588411300C5975E /* Day14Tests.swift */ = {isa = PBXFileReference; lastKnownFileType = sourcecode.swift; path = Day14Tests.swift; sourceTree = "<group>"; };
		C39EE049257F405F00A0BD73 /* Day8.swift */ = {isa = PBXFileReference; lastKnownFileType = sourcecode.swift; path = Day8.swift; sourceTree = "<group>"; };
		C39EE04D257F406C00A0BD73 /* day8.txt */ = {isa = PBXFileReference; lastKnownFileType = text; path = day8.txt; sourceTree = "<group>"; };
		C39EE051257F407E00A0BD73 /* Day8Tests.swift */ = {isa = PBXFileReference; lastKnownFileType = sourcecode.swift; path = Day8Tests.swift; sourceTree = "<group>"; };
		C3B0BCDE275860F300CDA0C8 /* day1_21.txt */ = {isa = PBXFileReference; lastKnownFileType = text; path = day1_21.txt; sourceTree = "<group>"; };
		C3B0BCE6275865DC00CDA0C8 /* day2_21.swift */ = {isa = PBXFileReference; lastKnownFileType = sourcecode.swift; path = day2_21.swift; sourceTree = "<group>"; };
		C3B0BCE82758660900CDA0C8 /* day2_21.txt */ = {isa = PBXFileReference; lastKnownFileType = text; path = day2_21.txt; sourceTree = "<group>"; };
		C3B0BCEA2758663500CDA0C8 /* Y21Day2Tests.swift */ = {isa = PBXFileReference; lastKnownFileType = sourcecode.swift; path = Y21Day2Tests.swift; sourceTree = "<group>"; };
		C3BA15BC275B2A6A0034903F /* day4_21.swift */ = {isa = PBXFileReference; lastKnownFileType = sourcecode.swift; path = day4_21.swift; sourceTree = "<group>"; };
		C3BA15BE275B2A780034903F /* day4_21.txt */ = {isa = PBXFileReference; lastKnownFileType = text; path = day4_21.txt; sourceTree = "<group>"; };
		C3BA15C0275B2ACD0034903F /* Y21Day4Tests.swift */ = {isa = PBXFileReference; lastKnownFileType = sourcecode.swift; path = Y21Day4Tests.swift; sourceTree = "<group>"; };
		C3BA15C2275C70670034903F /* day5_21.swift */ = {isa = PBXFileReference; lastKnownFileType = sourcecode.swift; path = day5_21.swift; sourceTree = "<group>"; };
		C3BA15C4275C70740034903F /* day5_21.txt */ = {isa = PBXFileReference; lastKnownFileType = text; path = day5_21.txt; sourceTree = "<group>"; };
		C3BA15C6275C70A40034903F /* Y21Day5Tests.swift */ = {isa = PBXFileReference; lastKnownFileType = sourcecode.swift; path = Y21Day5Tests.swift; sourceTree = "<group>"; };
		C3BBE880257B4B11006182AB /* Day5.swift */ = {isa = PBXFileReference; lastKnownFileType = sourcecode.swift; path = Day5.swift; sourceTree = "<group>"; };
		C3BBE884257B4B20006182AB /* day5.txt */ = {isa = PBXFileReference; lastKnownFileType = text; path = day5.txt; sourceTree = "<group>"; };
		C3BBE88C257C9A07006182AB /* Day2Tests.swift */ = {isa = PBXFileReference; lastKnownFileType = sourcecode.swift; path = Day2Tests.swift; sourceTree = "<group>"; };
		C3BBE890257C9A10006182AB /* Day3Tests.swift */ = {isa = PBXFileReference; lastKnownFileType = sourcecode.swift; path = Day3Tests.swift; sourceTree = "<group>"; };
		C3BBE894257C9A19006182AB /* Day4Tests.swift */ = {isa = PBXFileReference; lastKnownFileType = sourcecode.swift; path = Day4Tests.swift; sourceTree = "<group>"; };
		C3BBE898257C9A20006182AB /* Day5Tests.swift */ = {isa = PBXFileReference; lastKnownFileType = sourcecode.swift; path = Day5Tests.swift; sourceTree = "<group>"; };
		C3BBE89C257C9AFF006182AB /* Day6.swift */ = {isa = PBXFileReference; lastKnownFileType = sourcecode.swift; path = Day6.swift; sourceTree = "<group>"; };
		C3BBE8A0257C9B12006182AB /* Day6Tests.swift */ = {isa = PBXFileReference; lastKnownFileType = sourcecode.swift; path = Day6Tests.swift; sourceTree = "<group>"; };
		C3BBE8A6257C9CF4006182AB /* day6.txt */ = {isa = PBXFileReference; lastKnownFileType = text; path = day6.txt; sourceTree = "<group>"; };
		C3EB858D27585EA600C838F7 /* day1_21.swift */ = {isa = PBXFileReference; lastKnownFileType = sourcecode.swift; path = day1_21.swift; sourceTree = "<group>"; };
		C3EB858F27585FE700C838F7 /* Y21Day1Tests.swift */ = {isa = PBXFileReference; lastKnownFileType = sourcecode.swift; path = Y21Day1Tests.swift; sourceTree = "<group>"; };
		C3F7C81A2591598E00E693B4 /* Day21.swift */ = {isa = PBXFileReference; lastKnownFileType = sourcecode.swift; path = Day21.swift; sourceTree = "<group>"; };
		C3F7C81E259159B500E693B4 /* day21.txt */ = {isa = PBXFileReference; lastKnownFileType = text; path = day21.txt; sourceTree = "<group>"; };
		C3F7C822259159C100E693B4 /* Day21Tests.swift */ = {isa = PBXFileReference; lastKnownFileType = sourcecode.swift; path = Day21Tests.swift; sourceTree = "<group>"; };
		C3F7C8262591837000E693B4 /* Day20.swift */ = {isa = PBXFileReference; lastKnownFileType = sourcecode.swift; path = Day20.swift; sourceTree = "<group>"; };
		C3F7C82C2591842000E693B4 /* day20.txt */ = {isa = PBXFileReference; lastKnownFileType = text; path = day20.txt; sourceTree = "<group>"; };
		C3F7C8322591844C00E693B4 /* Day20Tests.swift */ = {isa = PBXFileReference; lastKnownFileType = sourcecode.swift; path = Day20Tests.swift; sourceTree = "<group>"; };
		C3F7C8362592CA0400E693B4 /* Day22.swift */ = {isa = PBXFileReference; lastKnownFileType = sourcecode.swift; path = Day22.swift; sourceTree = "<group>"; };
		C3F7C83A2592CA3F00E693B4 /* Day22Tests.swift */ = {isa = PBXFileReference; lastKnownFileType = sourcecode.swift; path = Day22Tests.swift; sourceTree = "<group>"; };
		C3F7C8402592CA8200E693B4 /* day22.txt */ = {isa = PBXFileReference; lastKnownFileType = text; path = day22.txt; sourceTree = "<group>"; };
		C3F90A4A2593DD3B00A23FE6 /* Day23.swift */ = {isa = PBXFileReference; lastKnownFileType = sourcecode.swift; path = Day23.swift; sourceTree = "<group>"; };
		C3F90A4E2593DD6800A23FE6 /* Day23Tests.swift */ = {isa = PBXFileReference; lastKnownFileType = sourcecode.swift; path = Day23Tests.swift; sourceTree = "<group>"; };
		C3F90A52259598AE00A23FE6 /* Day24.swift */ = {isa = PBXFileReference; lastKnownFileType = sourcecode.swift; path = Day24.swift; sourceTree = "<group>"; };
		C3F90A56259598D300A23FE6 /* Day24Tests.swift */ = {isa = PBXFileReference; lastKnownFileType = sourcecode.swift; path = Day24Tests.swift; sourceTree = "<group>"; };
		C3F90A5A259598EE00A23FE6 /* day24.txt */ = {isa = PBXFileReference; lastKnownFileType = text; path = day24.txt; sourceTree = "<group>"; };
		C3F90A5E2599024400A23FE6 /* Day25.swift */ = {isa = PBXFileReference; lastKnownFileType = sourcecode.swift; path = Day25.swift; sourceTree = "<group>"; };
		C3F90A622599025300A23FE6 /* Day25Tests.swift */ = {isa = PBXFileReference; lastKnownFileType = sourcecode.swift; path = Day25Tests.swift; sourceTree = "<group>"; };
/* End PBXFileReference section */

/* Begin PBXFrameworksBuildPhase section */
		C36648A625787142008F719C /* Frameworks */ = {
			isa = PBXFrameworksBuildPhase;
			buildActionMask = 2147483647;
			files = (
			);
			runOnlyForDeploymentPostprocessing = 0;
		};
		C36648B725787145008F719C /* Frameworks */ = {
			isa = PBXFrameworksBuildPhase;
			buildActionMask = 2147483647;
			files = (
			);
			runOnlyForDeploymentPostprocessing = 0;
		};
/* End PBXFrameworksBuildPhase section */

/* Begin PBXGroup section */
		C36648A025787142008F719C = {
			isa = PBXGroup;
			children = (
				C36648AB25787142008F719C /* AdventOfCode */,
				C36648BD25787145008F719C /* AdventOfCodeTests */,
				C366490225788848008F719C /* README.md */,
				C36648AA25787142008F719C /* Products */,
			);
			sourceTree = "<group>";
		};
		C36648AA25787142008F719C /* Products */ = {
			isa = PBXGroup;
			children = (
				C36648A925787142008F719C /* AdventOfCode.app */,
				C36648BA25787145008F719C /* AdventOfCodeTests.xctest */,
			);
			name = Products;
			sourceTree = "<group>";
		};
		C36648AB25787142008F719C /* AdventOfCode */ = {
			isa = PBXGroup;
			children = (
				C3A7B0ED27585D3400DDBAE1 /* 2021 */,
				C3A7B0EC27585D2500DDBAE1 /* 2020 */,
				C36648DF25787260008F719C /* lib */,
				C36648AC25787142008F719C /* AdventOfCodeApp.swift */,
				C36648AE25787142008F719C /* ContentView.swift */,
				C36648B025787145008F719C /* Assets.xcassets */,
				C36648B525787145008F719C /* Info.plist */,
				C36648B225787145008F719C /* Preview Content */,
			);
			path = AdventOfCode;
			sourceTree = "<group>";
		};
		C36648B225787145008F719C /* Preview Content */ = {
			isa = PBXGroup;
			children = (
				C36648B325787145008F719C /* Preview Assets.xcassets */,
			);
			path = "Preview Content";
			sourceTree = "<group>";
		};
		C36648BD25787145008F719C /* AdventOfCodeTests */ = {
			isa = PBXGroup;
			children = (
				C3A7B0EF27585DC900DDBAE1 /* 2021 */,
				C3A7B0EE27585DBD00DDBAE1 /* 2020 */,
				C36648C025787145008F719C /* Info.plist */,
			);
			path = AdventOfCodeTests;
			sourceTree = "<group>";
		};
		C36648DF25787260008F719C /* lib */ = {
			isa = PBXGroup;
			children = (
				C36648E02578726F008F719C /* FileReader.swift */,
				C366490C25792C4F008F719C /* DayProtocol.swift */,
				C366492E257A900A008F719C /* Array.swift */,
				C385A49E2582FFD8009CC5F8 /* Cache.swift */,
				C342D0BC258533C100F56D39 /* Point.swift */,
				C3269BAA258AE64F00C4F805 /* String.swift */,
			);
			path = lib;
			sourceTree = "<group>";
		};
		C36648E4257872D1008F719C /* input */ = {
			isa = PBXGroup;
			children = (
				C30E872F27573B38005C58D9 /* 2021_day1.txt */,
				C36648E52578733A008F719C /* day1.txt */,
				C36648FE25787A66008F719C /* day2.txt */,
				C36649142579325D008F719C /* day3.txt */,
				C366491A257A78F8008F719C /* day4.txt */,
				C3BBE884257B4B20006182AB /* day5.txt */,
				C3BBE8A6257C9CF4006182AB /* day6.txt */,
				C37786F0257DED1E00F1487C /* day7.txt */,
				C39EE04D257F406C00A0BD73 /* day8.txt */,
				C311FBE625808E5200AE247F /* day9.txt */,
				C37027382581E13E00508778 /* day10.txt */,
				C389014325840D5500ED952C /* day11.txt */,
				C342D0B4258482A800F56D39 /* day12.txt */,
				C342D0DA2585D51A00F56D39 /* day13.txt */,
				C389BE922588410400C5975E /* day14.txt */,
				C3269BA2258AE29B00C4F805 /* day16.txt */,
				C36BF15C258D68EE0093BC94 /* day18.txt */,
				C36BF168258DC0260093BC94 /* day19.txt */,
				C3F7C82C2591842000E693B4 /* day20.txt */,
				C3F7C81E259159B500E693B4 /* day21.txt */,
				C3F7C8402592CA8200E693B4 /* day22.txt */,
				C3F90A5A259598EE00A23FE6 /* day24.txt */,
			);
			path = input;
			sourceTree = "<group>";
		};
		C36648E92578734C008F719C /* days */ = {
			isa = PBXGroup;
			children = (
				C36648EA25787359008F719C /* Day1.swift */,
				C36648F6257878CB008F719C /* Day2.swift */,
				C366490825792C3B008F719C /* Day3.swift */,
				C366491E257A7912008F719C /* Day4.swift */,
				C3BBE880257B4B11006182AB /* Day5.swift */,
				C3BBE89C257C9AFF006182AB /* Day6.swift */,
				C37786EC257DED1000F1487C /* Day7.swift */,
				C39EE049257F405F00A0BD73 /* Day8.swift */,
				C311FBE225808E4700AE247F /* Day9.swift */,
				C37027302581E0C300508778 /* Day10.swift */,
				C389013F25840D4600ED952C /* Day11.swift */,
				C342D0B02584829D00F56D39 /* Day12.swift */,
				C342D0D62585D50C00F56D39 /* Day13.swift */,
				C389BE8E258840D200C5975E /* Day14.swift */,
				C3546B6525899130007EA26E /* Day15.swift */,
				C3269B9E258AE27100C4F805 /* Day16.swift */,
				C37C4EEE258C376500E49F6D /* Day17.swift */,
				C36BF154258D52270093BC94 /* Day18.swift */,
				C36BF160258DBFCB0093BC94 /* Day19.swift */,
				C3F7C8262591837000E693B4 /* Day20.swift */,
				C3F7C81A2591598E00E693B4 /* Day21.swift */,
				C3F7C8362592CA0400E693B4 /* Day22.swift */,
				C3F90A4A2593DD3B00A23FE6 /* Day23.swift */,
				C3F90A52259598AE00A23FE6 /* Day24.swift */,
				C3F90A5E2599024400A23FE6 /* Day25.swift */,
			);
			path = days;
			sourceTree = "<group>";
		};
		C3A7B0EC27585D2500DDBAE1 /* 2020 */ = {
			isa = PBXGroup;
			children = (
				C36648E92578734C008F719C /* days */,
				C36648E4257872D1008F719C /* input */,
			);
			path = 2020;
			sourceTree = "<group>";
		};
		C3A7B0ED27585D3400DDBAE1 /* 2021 */ = {
			isa = PBXGroup;
			children = (
				C3EB858D27585EA600C838F7 /* day1_21.swift */,
				C3B0BCDE275860F300CDA0C8 /* day1_21.txt */,
				C3B0BCE6275865DC00CDA0C8 /* day2_21.swift */,
				C3B0BCE82758660900CDA0C8 /* day2_21.txt */,
				C34CE79E2759DAED005D4272 /* day3_21.swift */,
				C34CE7A02759DAF7005D4272 /* day3_21.txt */,
				C3BA15BC275B2A6A0034903F /* day4_21.swift */,
				C3BA15BE275B2A780034903F /* day4_21.txt */,
				C3BA15C2275C70670034903F /* day5_21.swift */,
				C3BA15C4275C70740034903F /* day5_21.txt */,
			);
			path = 2021;
			sourceTree = "<group>";
		};
		C3A7B0EE27585DBD00DDBAE1 /* 2020 */ = {
			isa = PBXGroup;
			children = (
				C3BBE88C257C9A07006182AB /* Day2Tests.swift */,
				C3BBE890257C9A10006182AB /* Day3Tests.swift */,
				C3BBE894257C9A19006182AB /* Day4Tests.swift */,
				C3BBE898257C9A20006182AB /* Day5Tests.swift */,
				C3BBE8A0257C9B12006182AB /* Day6Tests.swift */,
				C37786F4257DED3000F1487C /* Day7Tests.swift */,
				C39EE051257F407E00A0BD73 /* Day8Tests.swift */,
				C311FBEA25808E6100AE247F /* Day9Tests.swift */,
				C37027342581E0E900508778 /* Day10Tests.swift */,
				C389014725840D6100ED952C /* Day11Tests.swift */,
				C342D0B8258482BF00F56D39 /* Day12Tests.swift */,
				C342D0DE2585D54200F56D39 /* Day13Tests.swift */,
				C389BE962588411300C5975E /* Day14Tests.swift */,
				C3546B6925899182007EA26E /* Day15Tests.swift */,
				C3269BA6258AE3A200C4F805 /* Day16Tests.swift */,
				C37C4EF6258C386700E49F6D /* Day17Tests.swift */,
				C36BF158258D525A0093BC94 /* Day18Tests.swift */,
				C36BF164258DC0040093BC94 /* Day19Tests.swift */,
				C3F7C8322591844C00E693B4 /* Day20Tests.swift */,
				C3F7C822259159C100E693B4 /* Day21Tests.swift */,
				C3F7C83A2592CA3F00E693B4 /* Day22Tests.swift */,
				C3F90A4E2593DD6800A23FE6 /* Day23Tests.swift */,
				C3F90A56259598D300A23FE6 /* Day24Tests.swift */,
				C3F90A622599025300A23FE6 /* Day25Tests.swift */,
			);
			path = 2020;
			sourceTree = "<group>";
		};
		C3A7B0EF27585DC900DDBAE1 /* 2021 */ = {
			isa = PBXGroup;
			children = (
				C3EB858F27585FE700C838F7 /* Y21Day1Tests.swift */,
				C3B0BCEA2758663500CDA0C8 /* Y21Day2Tests.swift */,
				C34CE7A22759DB09005D4272 /* Y21Day3Tests.swift */,
				C3BA15C0275B2ACD0034903F /* Y21Day4Tests.swift */,
				C3BA15C6275C70A40034903F /* Y21Day5Tests.swift */,
			);
			path = 2021;
			sourceTree = "<group>";
		};
/* End PBXGroup section */

/* Begin PBXNativeTarget section */
		C36648A825787142008F719C /* AdventOfCode */ = {
			isa = PBXNativeTarget;
			buildConfigurationList = C36648CE25787145008F719C /* Build configuration list for PBXNativeTarget "AdventOfCode" */;
			buildPhases = (
				C36648A525787142008F719C /* Sources */,
				C366490525788A09008F719C /* Run Swiftlint */,
				C36648A625787142008F719C /* Frameworks */,
				C36648A725787142008F719C /* Resources */,
			);
			buildRules = (
			);
			dependencies = (
			);
			name = AdventOfCode;
			productName = AdventOfCode2020;
			productReference = C36648A925787142008F719C /* AdventOfCode.app */;
			productType = "com.apple.product-type.application";
		};
		C36648B925787145008F719C /* AdventOfCodeTests */ = {
			isa = PBXNativeTarget;
			buildConfigurationList = C36648D125787145008F719C /* Build configuration list for PBXNativeTarget "AdventOfCodeTests" */;
			buildPhases = (
				C36648B625787145008F719C /* Sources */,
				C36648B725787145008F719C /* Frameworks */,
				C36648B825787145008F719C /* Resources */,
			);
			buildRules = (
			);
			dependencies = (
				C36648BC25787145008F719C /* PBXTargetDependency */,
			);
			name = AdventOfCodeTests;
			productName = AdventOfCode2020Tests;
			productReference = C36648BA25787145008F719C /* AdventOfCodeTests.xctest */;
			productType = "com.apple.product-type.bundle.unit-test";
		};
/* End PBXNativeTarget section */

/* Begin PBXProject section */
		C36648A125787142008F719C /* Project object */ = {
			isa = PBXProject;
			attributes = {
				LastSwiftUpdateCheck = 1310;
				LastUpgradeCheck = 1220;
				TargetAttributes = {
					C36648A825787142008F719C = {
						CreatedOnToolsVersion = 12.2;
					};
					C36648B925787145008F719C = {
						CreatedOnToolsVersion = 12.2;
						TestTargetID = C36648A825787142008F719C;
					};
				};
			};
			buildConfigurationList = C36648A425787142008F719C /* Build configuration list for PBXProject "AdventOfCode" */;
			compatibilityVersion = "Xcode 9.3";
			developmentRegion = en;
			hasScannedForEncodings = 0;
			knownRegions = (
				en,
				Base,
			);
			mainGroup = C36648A025787142008F719C;
			productRefGroup = C36648AA25787142008F719C /* Products */;
			projectDirPath = "";
			projectRoot = "";
			targets = (
				C36648A825787142008F719C /* AdventOfCode */,
				C36648B925787145008F719C /* AdventOfCodeTests */,
			);
		};
/* End PBXProject section */

/* Begin PBXResourcesBuildPhase section */
		C36648A725787142008F719C /* Resources */ = {
			isa = PBXResourcesBuildPhase;
			buildActionMask = 2147483647;
			files = (
				C3BA15C5275C70740034903F /* day5_21.txt in Resources */,
				C342D0B5258482A800F56D39 /* day12.txt in Resources */,
				C36648B425787145008F719C /* Preview Assets.xcassets in Resources */,
				C389014425840D5500ED952C /* day11.txt in Resources */,
				C3B0BCE92758660900CDA0C8 /* day2_21.txt in Resources */,
				C3BBE8A7257C9CF4006182AB /* day6.txt in Resources */,
				C3269BA3258AE29B00C4F805 /* day16.txt in Resources */,
				C39EE04E257F406C00A0BD73 /* day8.txt in Resources */,
				C36648B125787145008F719C /* Assets.xcassets in Resources */,
				C3F90A5B259598EE00A23FE6 /* day24.txt in Resources */,
				C3F7C82D2591842000E693B4 /* day20.txt in Resources */,
				C36BF169258DC0260093BC94 /* day19.txt in Resources */,
				C3F7C8412592CA8200E693B4 /* day22.txt in Resources */,
				C366491B257A78F8008F719C /* day4.txt in Resources */,
				C30E873427573C8E005C58D9 /* 2021_day1.txt in Resources */,
				C36649152579325D008F719C /* day3.txt in Resources */,
				C342D0D12585710400F56D39 /* day2.txt in Resources */,
				C3B0BCDF275860F300CDA0C8 /* day1_21.txt in Resources */,
				C342D0CA258570F400F56D39 /* day1.txt in Resources */,
				C389BE932588410400C5975E /* day14.txt in Resources */,
				C37786F1257DED1E00F1487C /* day7.txt in Resources */,
				C311FBE725808E5200AE247F /* day9.txt in Resources */,
				C3BA15BF275B2A780034903F /* day4_21.txt in Resources */,
				C34CE7A12759DAF7005D4272 /* day3_21.txt in Resources */,
				C342D0DB2585D51A00F56D39 /* day13.txt in Resources */,
				C3F7C81F259159B500E693B4 /* day21.txt in Resources */,
				C37027392581E13E00508778 /* day10.txt in Resources */,
				C36BF15D258D68EE0093BC94 /* day18.txt in Resources */,
				C3BBE885257B4B20006182AB /* day5.txt in Resources */,
			);
			runOnlyForDeploymentPostprocessing = 0;
		};
		C36648B825787145008F719C /* Resources */ = {
			isa = PBXResourcesBuildPhase;
			buildActionMask = 2147483647;
			files = (
			);
			runOnlyForDeploymentPostprocessing = 0;
		};
/* End PBXResourcesBuildPhase section */

/* Begin PBXShellScriptBuildPhase section */
		C366490525788A09008F719C /* Run Swiftlint */ = {
			isa = PBXShellScriptBuildPhase;
			alwaysOutOfDate = 1;
			buildActionMask = 2147483647;
			files = (
			);
			inputFileListPaths = (
			);
			inputPaths = (
			);
			name = "Run Swiftlint";
			outputFileListPaths = (
			);
			outputPaths = (
			);
			runOnlyForDeploymentPostprocessing = 0;
			shellPath = /bin/sh;
			shellScript = "#if which swiftlint >/dev/null; then\n#  swiftlint autocorrect && swiftlint\n#else\n#  echo \"warning: SwiftLint not installed, download from https://github.com/realm/SwiftLint\"\n#fi\n";
		};
/* End PBXShellScriptBuildPhase section */

/* Begin PBXSourcesBuildPhase section */
		C36648A525787142008F719C /* Sources */ = {
			isa = PBXSourcesBuildPhase;
			buildActionMask = 2147483647;
			files = (
				C366492F257A900A008F719C /* Array.swift in Sources */,
				C36648EB25787359008F719C /* Day1.swift in Sources */,
				C3F7C8372592CA0500E693B4 /* Day22.swift in Sources */,
				C36648F7257878CB008F719C /* Day2.swift in Sources */,
				C3BBE89D257C9B00006182AB /* Day6.swift in Sources */,
				C3F90A4B2593DD3B00A23FE6 /* Day23.swift in Sources */,
				C36648E12578726F008F719C /* FileReader.swift in Sources */,
				C342D0B12584829D00F56D39 /* Day12.swift in Sources */,
				C3B0BCE7275865DC00CDA0C8 /* day2_21.swift in Sources */,
				C3269BAB258AE64F00C4F805 /* String.swift in Sources */,
				C3BA15BD275B2A6A0034903F /* day4_21.swift in Sources */,
				C37027312581E0C300508778 /* Day10.swift in Sources */,
				C3F90A53259598AE00A23FE6 /* Day24.swift in Sources */,
				C39EE04A257F405F00A0BD73 /* Day8.swift in Sources */,
				C342D0D72585D50C00F56D39 /* Day13.swift in Sources */,
				C3F90A5F2599024400A23FE6 /* Day25.swift in Sources */,
				C342D0BD258533C100F56D39 /* Point.swift in Sources */,
				C36648AF25787142008F719C /* ContentView.swift in Sources */,
				C366490925792C3B008F719C /* Day3.swift in Sources */,
				C36BF161258DBFCB0093BC94 /* Day19.swift in Sources */,
				C34CE79F2759DAED005D4272 /* day3_21.swift in Sources */,
				C3EB858E27585EA600C838F7 /* day1_21.swift in Sources */,
				C3546B6625899130007EA26E /* Day15.swift in Sources */,
				C389014025840D4600ED952C /* Day11.swift in Sources */,
				C3F7C8272591837000E693B4 /* Day20.swift in Sources */,
				C36BF155258D52270093BC94 /* Day18.swift in Sources */,
				C3BBE881257B4B11006182AB /* Day5.swift in Sources */,
				C3BA15C3275C70670034903F /* day5_21.swift in Sources */,
				C389BE8F258840D200C5975E /* Day14.swift in Sources */,
				C385A49F2582FFD8009CC5F8 /* Cache.swift in Sources */,
				C3269B9F258AE27100C4F805 /* Day16.swift in Sources */,
				C36648AD25787142008F719C /* AdventOfCodeApp.swift in Sources */,
				C311FBE325808E4700AE247F /* Day9.swift in Sources */,
				C3F7C81B2591598E00E693B4 /* Day21.swift in Sources */,
				C37C4EEF258C376500E49F6D /* Day17.swift in Sources */,
				C366490D25792C4F008F719C /* DayProtocol.swift in Sources */,
				C37786ED257DED1000F1487C /* Day7.swift in Sources */,
				C366491F257A7912008F719C /* Day4.swift in Sources */,
			);
			runOnlyForDeploymentPostprocessing = 0;
		};
		C36648B625787145008F719C /* Sources */ = {
			isa = PBXSourcesBuildPhase;
			buildActionMask = 2147483647;
			files = (
				C3F7C83B2592CA3F00E693B4 /* Day22Tests.swift in Sources */,
				C3546B6A25899182007EA26E /* Day15Tests.swift in Sources */,
				C3F90A57259598D300A23FE6 /* Day24Tests.swift in Sources */,
				C36BF159258D525A0093BC94 /* Day18Tests.swift in Sources */,
				C3F7C8332591844C00E693B4 /* Day20Tests.swift in Sources */,
				C3BBE8A1257C9B12006182AB /* Day6Tests.swift in Sources */,
				C37027352581E0E900508778 /* Day10Tests.swift in Sources */,
				C3269BA7258AE3A200C4F805 /* Day16Tests.swift in Sources */,
				C3BBE88D257C9A07006182AB /* Day2Tests.swift in Sources */,
				C37786F5257DED3000F1487C /* Day7Tests.swift in Sources */,
				C342D0DF2585D54200F56D39 /* Day13Tests.swift in Sources */,
				C389BE972588411300C5975E /* Day14Tests.swift in Sources */,
				C3F90A4F2593DD6800A23FE6 /* Day23Tests.swift in Sources */,
				C3EB859027585FE700C838F7 /* Y21Day1Tests.swift in Sources */,
				C39EE052257F407E00A0BD73 /* Day8Tests.swift in Sources */,
				C311FBEB25808E6100AE247F /* Day9Tests.swift in Sources */,
				C389014825840D6100ED952C /* Day11Tests.swift in Sources */,
				C36BF165258DC0040093BC94 /* Day19Tests.swift in Sources */,
				C34CE7A32759DB09005D4272 /* Y21Day3Tests.swift in Sources */,
				C3BA15C7275C70A40034903F /* Y21Day5Tests.swift in Sources */,
				C3BBE891257C9A10006182AB /* Day3Tests.swift in Sources */,
				C3BBE899257C9A20006182AB /* Day5Tests.swift in Sources */,
				C342D0B9258482BF00F56D39 /* Day12Tests.swift in Sources */,
				C3BA15C1275B2ACD0034903F /* Y21Day4Tests.swift in Sources */,
				C37C4EF7258C386700E49F6D /* Day17Tests.swift in Sources */,
				C3F90A632599025300A23FE6 /* Day25Tests.swift in Sources */,
				C3BBE895257C9A19006182AB /* Day4Tests.swift in Sources */,
				C3B0BCEB2758663500CDA0C8 /* Y21Day2Tests.swift in Sources */,
				C3F7C823259159C100E693B4 /* Day21Tests.swift in Sources */,
			);
			runOnlyForDeploymentPostprocessing = 0;
		};
/* End PBXSourcesBuildPhase section */

/* Begin PBXTargetDependency section */
		C36648BC25787145008F719C /* PBXTargetDependency */ = {
			isa = PBXTargetDependency;
			target = C36648A825787142008F719C /* AdventOfCode */;
			targetProxy = C36648BB25787145008F719C /* PBXContainerItemProxy */;
		};
/* End PBXTargetDependency section */

/* Begin XCBuildConfiguration section */
		C36648CC25787145008F719C /* Debug */ = {
			isa = XCBuildConfiguration;
			buildSettings = {
				ALWAYS_SEARCH_USER_PATHS = NO;
				CLANG_ANALYZER_NONNULL = YES;
				CLANG_ANALYZER_NUMBER_OBJECT_CONVERSION = YES_AGGRESSIVE;
				CLANG_CXX_LANGUAGE_STANDARD = "gnu++14";
				CLANG_CXX_LIBRARY = "libc++";
				CLANG_ENABLE_MODULES = YES;
				CLANG_ENABLE_OBJC_ARC = YES;
				CLANG_ENABLE_OBJC_WEAK = YES;
				CLANG_WARN_BLOCK_CAPTURE_AUTORELEASING = YES;
				CLANG_WARN_BOOL_CONVERSION = YES;
				CLANG_WARN_COMMA = YES;
				CLANG_WARN_CONSTANT_CONVERSION = YES;
				CLANG_WARN_DEPRECATED_OBJC_IMPLEMENTATIONS = YES;
				CLANG_WARN_DIRECT_OBJC_ISA_USAGE = YES_ERROR;
				CLANG_WARN_DOCUMENTATION_COMMENTS = YES;
				CLANG_WARN_EMPTY_BODY = YES;
				CLANG_WARN_ENUM_CONVERSION = YES;
				CLANG_WARN_INFINITE_RECURSION = YES;
				CLANG_WARN_INT_CONVERSION = YES;
				CLANG_WARN_NON_LITERAL_NULL_CONVERSION = YES;
				CLANG_WARN_OBJC_IMPLICIT_RETAIN_SELF = YES;
				CLANG_WARN_OBJC_LITERAL_CONVERSION = YES;
				CLANG_WARN_OBJC_ROOT_CLASS = YES_ERROR;
				CLANG_WARN_QUOTED_INCLUDE_IN_FRAMEWORK_HEADER = YES;
				CLANG_WARN_RANGE_LOOP_ANALYSIS = YES;
				CLANG_WARN_STRICT_PROTOTYPES = YES;
				CLANG_WARN_SUSPICIOUS_MOVE = YES;
				CLANG_WARN_UNGUARDED_AVAILABILITY = YES_AGGRESSIVE;
				CLANG_WARN_UNREACHABLE_CODE = YES;
				CLANG_WARN__DUPLICATE_METHOD_MATCH = YES;
				COPY_PHASE_STRIP = NO;
				DEBUG_INFORMATION_FORMAT = dwarf;
				ENABLE_STRICT_OBJC_MSGSEND = YES;
				ENABLE_TESTABILITY = YES;
				GCC_C_LANGUAGE_STANDARD = gnu11;
				GCC_DYNAMIC_NO_PIC = NO;
				GCC_NO_COMMON_BLOCKS = YES;
				GCC_OPTIMIZATION_LEVEL = 0;
				GCC_PREPROCESSOR_DEFINITIONS = (
					"DEBUG=1",
					"$(inherited)",
				);
				GCC_WARN_64_TO_32_BIT_CONVERSION = YES;
				GCC_WARN_ABOUT_RETURN_TYPE = YES_ERROR;
				GCC_WARN_UNDECLARED_SELECTOR = YES;
				GCC_WARN_UNINITIALIZED_AUTOS = YES_AGGRESSIVE;
				GCC_WARN_UNUSED_FUNCTION = YES;
				GCC_WARN_UNUSED_VARIABLE = YES;
				IPHONEOS_DEPLOYMENT_TARGET = 14.2;
				MTL_ENABLE_DEBUG_INFO = INCLUDE_SOURCE;
				MTL_FAST_MATH = YES;
				ONLY_ACTIVE_ARCH = YES;
				SDKROOT = iphoneos;
				SWIFT_ACTIVE_COMPILATION_CONDITIONS = DEBUG;
				SWIFT_OPTIMIZATION_LEVEL = "-Onone";
			};
			name = Debug;
		};
		C36648CD25787145008F719C /* Release */ = {
			isa = XCBuildConfiguration;
			buildSettings = {
				ALWAYS_SEARCH_USER_PATHS = NO;
				CLANG_ANALYZER_NONNULL = YES;
				CLANG_ANALYZER_NUMBER_OBJECT_CONVERSION = YES_AGGRESSIVE;
				CLANG_CXX_LANGUAGE_STANDARD = "gnu++14";
				CLANG_CXX_LIBRARY = "libc++";
				CLANG_ENABLE_MODULES = YES;
				CLANG_ENABLE_OBJC_ARC = YES;
				CLANG_ENABLE_OBJC_WEAK = YES;
				CLANG_WARN_BLOCK_CAPTURE_AUTORELEASING = YES;
				CLANG_WARN_BOOL_CONVERSION = YES;
				CLANG_WARN_COMMA = YES;
				CLANG_WARN_CONSTANT_CONVERSION = YES;
				CLANG_WARN_DEPRECATED_OBJC_IMPLEMENTATIONS = YES;
				CLANG_WARN_DIRECT_OBJC_ISA_USAGE = YES_ERROR;
				CLANG_WARN_DOCUMENTATION_COMMENTS = YES;
				CLANG_WARN_EMPTY_BODY = YES;
				CLANG_WARN_ENUM_CONVERSION = YES;
				CLANG_WARN_INFINITE_RECURSION = YES;
				CLANG_WARN_INT_CONVERSION = YES;
				CLANG_WARN_NON_LITERAL_NULL_CONVERSION = YES;
				CLANG_WARN_OBJC_IMPLICIT_RETAIN_SELF = YES;
				CLANG_WARN_OBJC_LITERAL_CONVERSION = YES;
				CLANG_WARN_OBJC_ROOT_CLASS = YES_ERROR;
				CLANG_WARN_QUOTED_INCLUDE_IN_FRAMEWORK_HEADER = YES;
				CLANG_WARN_RANGE_LOOP_ANALYSIS = YES;
				CLANG_WARN_STRICT_PROTOTYPES = YES;
				CLANG_WARN_SUSPICIOUS_MOVE = YES;
				CLANG_WARN_UNGUARDED_AVAILABILITY = YES_AGGRESSIVE;
				CLANG_WARN_UNREACHABLE_CODE = YES;
				CLANG_WARN__DUPLICATE_METHOD_MATCH = YES;
				COPY_PHASE_STRIP = NO;
				DEBUG_INFORMATION_FORMAT = "dwarf-with-dsym";
				ENABLE_NS_ASSERTIONS = NO;
				ENABLE_STRICT_OBJC_MSGSEND = YES;
				GCC_C_LANGUAGE_STANDARD = gnu11;
				GCC_NO_COMMON_BLOCKS = YES;
				GCC_WARN_64_TO_32_BIT_CONVERSION = YES;
				GCC_WARN_ABOUT_RETURN_TYPE = YES_ERROR;
				GCC_WARN_UNDECLARED_SELECTOR = YES;
				GCC_WARN_UNINITIALIZED_AUTOS = YES_AGGRESSIVE;
				GCC_WARN_UNUSED_FUNCTION = YES;
				GCC_WARN_UNUSED_VARIABLE = YES;
				IPHONEOS_DEPLOYMENT_TARGET = 14.2;
				MTL_ENABLE_DEBUG_INFO = NO;
				MTL_FAST_MATH = YES;
				SDKROOT = iphoneos;
				SWIFT_COMPILATION_MODE = wholemodule;
				SWIFT_OPTIMIZATION_LEVEL = "-O";
				VALIDATE_PRODUCT = YES;
			};
			name = Release;
		};
		C36648CF25787145008F719C /* Debug */ = {
			isa = XCBuildConfiguration;
			buildSettings = {
				ASSETCATALOG_COMPILER_APPICON_NAME = AppIcon;
				ASSETCATALOG_COMPILER_GLOBAL_ACCENT_COLOR_NAME = AccentColor;
				CODE_SIGN_STYLE = Automatic;
				DEVELOPMENT_ASSET_PATHS = "\"AdventOfCode/Preview Content\"";
				DEVELOPMENT_TEAM = YJ44Y6RULK;
				ENABLE_PREVIEWS = YES;
				INFOPLIST_FILE = AdventOfCode/Info.plist;
				IPHONEOS_DEPLOYMENT_TARGET = 14.0;
				LD_RUNPATH_SEARCH_PATHS = (
					"$(inherited)",
					"@executable_path/Frameworks",
				);
				PRODUCT_BUNDLE_IDENTIFIER = net.undefinedbehavior.AdventOfCode;
				PRODUCT_NAME = "$(TARGET_NAME)";
				SWIFT_VERSION = 5.0;
				TARGETED_DEVICE_FAMILY = "1,2";
			};
			name = Debug;
		};
		C36648D025787145008F719C /* Release */ = {
			isa = XCBuildConfiguration;
			buildSettings = {
				ASSETCATALOG_COMPILER_APPICON_NAME = AppIcon;
				ASSETCATALOG_COMPILER_GLOBAL_ACCENT_COLOR_NAME = AccentColor;
				CODE_SIGN_STYLE = Automatic;
				DEVELOPMENT_ASSET_PATHS = "\"AdventOfCode/Preview Content\"";
				DEVELOPMENT_TEAM = YJ44Y6RULK;
				ENABLE_PREVIEWS = YES;
				INFOPLIST_FILE = AdventOfCode/Info.plist;
				IPHONEOS_DEPLOYMENT_TARGET = 14.0;
				LD_RUNPATH_SEARCH_PATHS = (
					"$(inherited)",
					"@executable_path/Frameworks",
				);
				PRODUCT_BUNDLE_IDENTIFIER = net.undefinedbehavior.AdventOfCode;
				PRODUCT_NAME = "$(TARGET_NAME)";
				SWIFT_VERSION = 5.0;
				TARGETED_DEVICE_FAMILY = "1,2";
			};
			name = Release;
		};
		C36648D225787145008F719C /* Debug */ = {
			isa = XCBuildConfiguration;
			buildSettings = {
				ALWAYS_EMBED_SWIFT_STANDARD_LIBRARIES = YES;
				BUNDLE_LOADER = "$(TEST_HOST)";
				CODE_SIGN_STYLE = Automatic;
				DEVELOPMENT_TEAM = YJ44Y6RULK;
				INFOPLIST_FILE = AdventOfCodeTests/Info.plist;
				IPHONEOS_DEPLOYMENT_TARGET = 14.0;
				LD_RUNPATH_SEARCH_PATHS = (
					"$(inherited)",
					"@executable_path/Frameworks",
					"@loader_path/Frameworks",
				);
				PRODUCT_BUNDLE_IDENTIFIER = net.undefinedbehavior.AdventOfCodeTests;
				PRODUCT_NAME = "$(TARGET_NAME)";
				SWIFT_VERSION = 5.0;
				TARGETED_DEVICE_FAMILY = "1,2";
				TEST_HOST = "$(BUILT_PRODUCTS_DIR)/AdventOfCode.app/AdventOfCode";
			};
			name = Debug;
		};
		C36648D325787145008F719C /* Release */ = {
			isa = XCBuildConfiguration;
			buildSettings = {
				ALWAYS_EMBED_SWIFT_STANDARD_LIBRARIES = YES;
				BUNDLE_LOADER = "$(TEST_HOST)";
				CODE_SIGN_STYLE = Automatic;
				DEVELOPMENT_TEAM = YJ44Y6RULK;
				INFOPLIST_FILE = AdventOfCodeTests/Info.plist;
				IPHONEOS_DEPLOYMENT_TARGET = 14.0;
				LD_RUNPATH_SEARCH_PATHS = (
					"$(inherited)",
					"@executable_path/Frameworks",
					"@loader_path/Frameworks",
				);
				PRODUCT_BUNDLE_IDENTIFIER = net.undefinedbehavior.AdventOfCodeTests;
				PRODUCT_NAME = "$(TARGET_NAME)";
				SWIFT_VERSION = 5.0;
				TARGETED_DEVICE_FAMILY = "1,2";
				TEST_HOST = "$(BUILT_PRODUCTS_DIR)/AdventOfCode.app/AdventOfCode";
			};
			name = Release;
		};
/* End XCBuildConfiguration section */

/* Begin XCConfigurationList section */
		C36648A425787142008F719C /* Build configuration list for PBXProject "AdventOfCode" */ = {
			isa = XCConfigurationList;
			buildConfigurations = (
				C36648CC25787145008F719C /* Debug */,
				C36648CD25787145008F719C /* Release */,
			);
			defaultConfigurationIsVisible = 0;
			defaultConfigurationName = Release;
		};
		C36648CE25787145008F719C /* Build configuration list for PBXNativeTarget "AdventOfCode" */ = {
			isa = XCConfigurationList;
			buildConfigurations = (
				C36648CF25787145008F719C /* Debug */,
				C36648D025787145008F719C /* Release */,
			);
			defaultConfigurationIsVisible = 0;
			defaultConfigurationName = Release;
		};
		C36648D125787145008F719C /* Build configuration list for PBXNativeTarget "AdventOfCodeTests" */ = {
			isa = XCConfigurationList;
			buildConfigurations = (
				C36648D225787145008F719C /* Debug */,
				C36648D325787145008F719C /* Release */,
			);
			defaultConfigurationIsVisible = 0;
			defaultConfigurationName = Release;
		};
/* End XCConfigurationList section */
	};
	rootObject = C36648A125787142008F719C /* Project object */;
}
